
Microsoft Visual Studio Solution File, Format Version 12.00
# Visual Studio Version 16
VisualStudioVersion = 16.0.28809.33
MinimumVisualStudioVersion = 10.0.40219.1
Project("{9A19103F-16F7-4668-BE54-9A1E7A4F7556}") = "DatingAppCore.Repo", "DatingAppCore.Repo\DatingAppCore.Repo.csproj", "{12070BD8-D7CC-49BE-AB15-DADF81ABBDBE}"
EndProject
Project("{2150E333-8FDC-42A3-9474-1A3956D46DE8}") = "External", "External", "{4904DC1F-DC36-4DA0-B7E1-7B8C46C6BE99}"
EndProject
Project("{9A19103F-16F7-4668-BE54-9A1E7A4F7556}") = "DatingAppCore.Dto", "DatingAppCore.Dto\DatingAppCore.Dto.csproj", "{6A34EF1B-146A-4C49-B265-56B38720F6E5}"
EndProject
Project("{9A19103F-16F7-4668-BE54-9A1E7A4F7556}") = "DatingAppCore.BLL", "DatingAppCore.BLL\DatingAppCore.BLL.csproj", "{0848752E-15FD-4090-9D32-E10E515CC586}"
EndProject
Project("{9A19103F-16F7-4668-BE54-9A1E7A4F7556}") = "DatingAppCore.Api", "DatingAppCore.Api\DatingAppCore.Api.csproj", "{29853505-DCCC-4896-9D36-B7780D9D98D3}"
EndProject
Project("{9A19103F-16F7-4668-BE54-9A1E7A4F7556}") = "DatingAppCore.Test", "DatingAppCore.Test\DatingAppCore.Test.csproj", "{5A31FD7A-09D7-43C1-B0F6-9BBB1ADC187F}"
EndProject
Project("{9A19103F-16F7-4668-BE54-9A1E7A4F7556}") = "CommonCore", "..\CommonCore\CommonCore\CommonCore.csproj", "{1ABFFCFE-87D3-42EC-A80B-C4F85EFDC1AF}"
EndProject
Project("{FAE04EC0-301F-11D3-BF4B-00C04F79EFBC}") = "DatingAppCore.BLL.Interfaces", "DatingAppCore.BLL.Interfaces\DatingAppCore.BLL.Interfaces.csproj", "{5DFB0207-6707-4573-853F-3D1CD3CB9864}"
EndProject
Global
	GlobalSection(SolutionConfigurationPlatforms) = preSolution
		Debug|Any CPU = Debug|Any CPU
		Release|Any CPU = Release|Any CPU
	EndGlobalSection
	GlobalSection(ProjectConfigurationPlatforms) = postSolution
		{12070BD8-D7CC-49BE-AB15-DADF81ABBDBE}.Debug|Any CPU.ActiveCfg = Debug|Any CPU
		{12070BD8-D7CC-49BE-AB15-DADF81ABBDBE}.Debug|Any CPU.Build.0 = Debug|Any CPU
		{12070BD8-D7CC-49BE-AB15-DADF81ABBDBE}.Release|Any CPU.ActiveCfg = Release|Any CPU
		{12070BD8-D7CC-49BE-AB15-DADF81ABBDBE}.Release|Any CPU.Build.0 = Release|Any CPU
		{6A34EF1B-146A-4C49-B265-56B38720F6E5}.Debug|Any CPU.ActiveCfg = Debug|Any CPU
		{6A34EF1B-146A-4C49-B265-56B38720F6E5}.Debug|Any CPU.Build.0 = Debug|Any CPU
		{6A34EF1B-146A-4C49-B265-56B38720F6E5}.Release|Any CPU.ActiveCfg = Release|Any CPU
		{6A34EF1B-146A-4C49-B265-56B38720F6E5}.Release|Any CPU.Build.0 = Release|Any CPU
		{0848752E-15FD-4090-9D32-E10E515CC586}.Debug|Any CPU.ActiveCfg = Debug|Any CPU
		{0848752E-15FD-4090-9D32-E10E515CC586}.Debug|Any CPU.Build.0 = Debug|Any CPU
		{0848752E-15FD-4090-9D32-E10E515CC586}.Release|Any CPU.ActiveCfg = Release|Any CPU
		{0848752E-15FD-4090-9D32-E10E515CC586}.Release|Any CPU.Build.0 = Release|Any CPU
		{29853505-DCCC-4896-9D36-B7780D9D98D3}.Debug|Any CPU.ActiveCfg = Debug|Any CPU
		{29853505-DCCC-4896-9D36-B7780D9D98D3}.Debug|Any CPU.Build.0 = Debug|Any CPU
		{29853505-DCCC-4896-9D36-B7780D9D98D3}.Release|Any CPU.ActiveCfg = Release|Any CPU
		{29853505-DCCC-4896-9D36-B7780D9D98D3}.Release|Any CPU.Build.0 = Release|Any CPU
		{5A31FD7A-09D7-43C1-B0F6-9BBB1ADC187F}.Debug|Any CPU.ActiveCfg = Debug|Any CPU
		{5A31FD7A-09D7-43C1-B0F6-9BBB1ADC187F}.Debug|Any CPU.Build.0 = Debug|Any CPU
		{5A31FD7A-09D7-43C1-B0F6-9BBB1ADC187F}.Release|Any CPU.ActiveCfg = Release|Any CPU
		{5A31FD7A-09D7-43C1-B0F6-9BBB1ADC187F}.Release|Any CPU.Build.0 = Release|Any CPU
		{1ABFFCFE-87D3-42EC-A80B-C4F85EFDC1AF}.Debug|Any CPU.ActiveCfg = Debug|Any CPU
		{1ABFFCFE-87D3-42EC-A80B-C4F85EFDC1AF}.Debug|Any CPU.Build.0 = Debug|Any CPU
		{1ABFFCFE-87D3-42EC-A80B-C4F85EFDC1AF}.Release|Any CPU.ActiveCfg = Release|Any CPU
		{1ABFFCFE-87D3-42EC-A80B-C4F85EFDC1AF}.Release|Any CPU.Build.0 = Release|Any CPU
		{5DFB0207-6707-4573-853F-3D1CD3CB9864}.Debug|Any CPU.ActiveCfg = Debug|Any CPU
		{5DFB0207-6707-4573-853F-3D1CD3CB9864}.Debug|Any CPU.Build.0 = Debug|Any CPU
		{5DFB0207-6707-4573-853F-3D1CD3CB9864}.Release|Any CPU.ActiveCfg = Release|Any CPU
		{5DFB0207-6707-4573-853F-3D1CD3CB9864}.Release|Any CPU.Build.0 = Release|Any CPU
	EndGlobalSection
	GlobalSection(SolutionProperties) = preSolution
		HideSolutionNode = FALSE
	EndGlobalSection
	GlobalSection(NestedProjects) = preSolution
		{1ABFFCFE-87D3-42EC-A80B-C4F85EFDC1AF} = {4904DC1F-DC36-4DA0-B7E1-7B8C46C6BE99}
	EndGlobalSection
	GlobalSection(ExtensibilityGlobals) = postSolution
		SolutionGuid = {21004B8A-131D-41B1-AC60-2C2838B2F978}
	EndGlobalSection
EndGlobal
